
Microsoft Visual Studio Solution File, Format Version 12.00
# Visual Studio Version 17
VisualStudioVersion = 17.14.36915.13 d17.14
MinimumVisualStudioVersion = 10.0.40219.1
Project("{FAE04EC0-301F-11D3-BF4B-00C04F79EFBC}") = "C#3Bimestre", "C#3Bimestre\C#3Bimestre.csproj", "{18D7FC53-CFE2-43B5-85E4-E915B3739FE8}"
EndProject
Global
	GlobalSection(SolutionConfigurationPlatforms) = preSolution
		Debug|Any CPU = Debug|Any CPU
		Release|Any CPU = Release|Any CPU
	EndGlobalSection
	GlobalSection(ProjectConfigurationPlatforms) = postSolution
		{18D7FC53-CFE2-43B5-85E4-E915B3739FE8}.Debug|Any CPU.ActiveCfg = Debug|Any CPU
		{18D7FC53-CFE2-43B5-85E4-E915B3739FE8}.Debug|Any CPU.Build.0 = Debug|Any CPU
		{18D7FC53-CFE2-43B5-85E4-E915B3739FE8}.Release|Any CPU.ActiveCfg = Release|Any CPU
		{18D7FC53-CFE2-43B5-85E4-E915B3739FE8}.Release|Any CPU.Build.0 = Release|Any CPU
	EndGlobalSection
	GlobalSection(SolutionProperties) = preSolution
		HideSolutionNode = FALSE
	EndGlobalSection
	GlobalSection(ExtensibilityGlobals) = postSolution
		SolutionGuid = {A617C1F4-4BAF-45E1-8F9A-6BD39C154AC6}
	EndGlobalSection
EndGlobal
